
Microsoft Visual Studio Solution File, Format Version 12.00
# Visual Studio Version 16
VisualStudioVersion = 16.0.30011.22
MinimumVisualStudioVersion = 10.0.40219.1
Project("{FAE04EC0-301F-11D3-BF4B-00C04F79EFBC}") = "Instinct.CAP.FraudCheckService", "Instinct.CAP.FraudCheckService.csproj", "{6E3780ED-9AF2-425E-83CC-4C96637C461A}"
EndProject
Global
	GlobalSection(SolutionConfigurationPlatforms) = preSolution
		Debug|Any CPU = Debug|Any CPU
		Release|Any CPU = Release|Any CPU
	EndGlobalSection
	GlobalSection(ProjectConfigurationPlatforms) = postSolution
		{6E3780ED-9AF2-425E-83CC-4C96637C461A}.Debug|Any CPU.ActiveCfg = Debug|Any CPU
		{6E3780ED-9AF2-425E-83CC-4C96637C461A}.Debug|Any CPU.Build.0 = Debug|Any CPU
		{6E3780ED-9AF2-425E-83CC-4C96637C461A}.Release|Any CPU.ActiveCfg = Release|Any CPU
		{6E3780ED-9AF2-425E-83CC-4C96637C461A}.Release|Any CPU.Build.0 = Release|Any CPU
	EndGlobalSection
	GlobalSection(SolutionProperties) = preSolution
		HideSolutionNode = FALSE
	EndGlobalSection
	GlobalSection(ExtensibilityGlobals) = postSolution
		SolutionGuid = {CDCAFF9F-7CE5-4E4D-8668-016A4ABB47D0}
	EndGlobalSection
EndGlobal
