
Microsoft Visual Studio Solution File, Format Version 12.00
# Visual Studio 14
VisualStudioVersion = 14.0.25420.1
MinimumVisualStudioVersion = 10.0.40219.1
Project("{F184B08F-C81C-45F6-A57F-5ABD9991F28F}") = "ClassXMLParse", "ClassXMLParse_OnlineService\ClassXMLParse.vbproj", "{0F2FA5D0-D0F9-4C0D-A331-C0637BD8D78B}"
EndProject
Project("{F184B08F-C81C-45F6-A57F-5ABD9991F28F}") = "ClsOnlineServiceCall", "ClsOnlineServiceCall\ClsOnlineServiceCall.vbproj", "{EB2C4457-878E-47D2-82A0-6B646F440096}"
EndProject
Project("{F184B08F-C81C-45F6-A57F-5ABD9991F28F}") = "Instinct.General", "Instinct.General\Instinct.General.vbproj", "{6F028D43-F60B-44F7-BB16-BB5ADEB50F70}"
EndProject
Project("{F184B08F-C81C-45F6-A57F-5ABD9991F28F}") = "Instinct.XmlConversion", "Instinct.XmlConversion\Instinct.XmlConversion.vbproj", "{000E3F3D-7555-4CCB-8E47-30ED46CC971D}"
EndProject
Project("{FAE04EC0-301F-11D3-BF4B-00C04F79EFBC}") = "RabbitMQClient", "RabbitMQClient\RabbitMQClient.csproj", "{AD62369C-7DEA-4B7A-81DB-E4701A442A72}"
EndProject
Project("{FAE04EC0-301F-11D3-BF4B-00C04F79EFBC}") = "Instinct.ConsoleTest", "Instinct.ConsoleTest\Instinct.ConsoleTest.csproj", "{8574F6AB-4733-48DF-9579-382278ACEE73}"
EndProject
Project("{FAE04EC0-301F-11D3-BF4B-00C04F79EFBC}") = "Instinct.RabbitMQ.InterfaceClient", "Instinct.RabbitMQ.InterfaceClient\Instinct.RabbitMQ.InterfaceClient.csproj", "{8D11CA6D-DB40-440C-A17F-7F33CF9B441B}"
EndProject
Project("{FAE04EC0-301F-11D3-BF4B-00C04F79EFBC}") = "ScintillaNET", "ScintillaNET\ScintillaNET.csproj", "{F9B6DABD-BBC1-4638-8CE6-A5C9506BFDCB}"
EndProject
Project("{F184B08F-C81C-45F6-A57F-5ABD9991F28F}") = "Instinct.Windows.Service.ActionService", "Instinct.Windows.Service.ActionService\Instinct.Windows.Service.ActionService.vbproj", "{0FA2A1FB-332A-4560-9471-FDA52A6A5BBE}"
EndProject
Project("{FAE04EC0-301F-11D3-BF4B-00C04F79EFBC}") = "Instinct.RabbitMQ.FraudCheckService", "Instinct.RabbitMQ.FraudCheckService\Instinct.RabbitMQ.FraudCheckService.csproj", "{12A3AEDA-CA82-44A8-A3B4-BBC3F212AFDF}"
EndProject
Project("{F184B08F-C81C-45F6-A57F-5ABD9991F28F}") = "Instinct.ConsoleTestVB", "Instinct.ConsoleTestVB\Instinct.ConsoleTestVB.vbproj", "{3FBDB322-3442-4DC7-A5BB-6C2158E2AC71}"
EndProject
Project("{FAE04EC0-301F-11D3-BF4B-00C04F79EFBC}") = "Instinct.RabbitMQ.Collection", "Instinct.RabbitMQ.Collection\Instinct.RabbitMQ.Collection.csproj", "{5AF1FFEE-6430-49B6-B8E7-E306A5133D18}"
EndProject
Project("{FAE04EC0-301F-11D3-BF4B-00C04F79EFBC}") = "Instinct.Collection.Lib", "Instinct.MQCollection.Lib\Instinct.Collection.Lib.csproj", "{1B93D8D4-4952-41A9-9BC2-D9434A604473}"
EndProject
Global
	GlobalSection(SolutionConfigurationPlatforms) = preSolution
		CD_ROM|Any CPU = CD_ROM|Any CPU
		Debug|Any CPU = Debug|Any CPU
		DVD-5|Any CPU = DVD-5|Any CPU
		Release|Any CPU = Release|Any CPU
		SingleImage|Any CPU = SingleImage|Any CPU
	EndGlobalSection
	GlobalSection(ProjectConfigurationPlatforms) = postSolution
		{0F2FA5D0-D0F9-4C0D-A331-C0637BD8D78B}.CD_ROM|Any CPU.ActiveCfg = Release|Any CPU
		{0F2FA5D0-D0F9-4C0D-A331-C0637BD8D78B}.CD_ROM|Any CPU.Build.0 = Release|Any CPU
		{0F2FA5D0-D0F9-4C0D-A331-C0637BD8D78B}.Debug|Any CPU.ActiveCfg = Debug|Any CPU
		{0F2FA5D0-D0F9-4C0D-A331-C0637BD8D78B}.Debug|Any CPU.Build.0 = Debug|Any CPU
		{0F2FA5D0-D0F9-4C0D-A331-C0637BD8D78B}.DVD-5|Any CPU.ActiveCfg = Debug|Any CPU
		{0F2FA5D0-D0F9-4C0D-A331-C0637BD8D78B}.DVD-5|Any CPU.Build.0 = Debug|Any CPU
		{0F2FA5D0-D0F9-4C0D-A331-C0637BD8D78B}.Release|Any CPU.ActiveCfg = Release|Any CPU
		{0F2FA5D0-D0F9-4C0D-A331-C0637BD8D78B}.Release|Any CPU.Build.0 = Release|Any CPU
		{0F2FA5D0-D0F9-4C0D-A331-C0637BD8D78B}.SingleImage|Any CPU.ActiveCfg = Release|Any CPU
		{0F2FA5D0-D0F9-4C0D-A331-C0637BD8D78B}.SingleImage|Any CPU.Build.0 = Release|Any CPU
		{EB2C4457-878E-47D2-82A0-6B646F440096}.CD_ROM|Any CPU.ActiveCfg = Release|Any CPU
		{EB2C4457-878E-47D2-82A0-6B646F440096}.CD_ROM|Any CPU.Build.0 = Release|Any CPU
		{EB2C4457-878E-47D2-82A0-6B646F440096}.Debug|Any CPU.ActiveCfg = Debug|Any CPU
		{EB2C4457-878E-47D2-82A0-6B646F440096}.Debug|Any CPU.Build.0 = Debug|Any CPU
		{EB2C4457-878E-47D2-82A0-6B646F440096}.DVD-5|Any CPU.ActiveCfg = Debug|Any CPU
		{EB2C4457-878E-47D2-82A0-6B646F440096}.DVD-5|Any CPU.Build.0 = Debug|Any CPU
		{EB2C4457-878E-47D2-82A0-6B646F440096}.Release|Any CPU.ActiveCfg = Release|Any CPU
		{EB2C4457-878E-47D2-82A0-6B646F440096}.Release|Any CPU.Build.0 = Release|Any CPU
		{EB2C4457-878E-47D2-82A0-6B646F440096}.SingleImage|Any CPU.ActiveCfg = Release|Any CPU
		{EB2C4457-878E-47D2-82A0-6B646F440096}.SingleImage|Any CPU.Build.0 = Release|Any CPU
		{6F028D43-F60B-44F7-BB16-BB5ADEB50F70}.CD_ROM|Any CPU.ActiveCfg = Release|Any CPU
		{6F028D43-F60B-44F7-BB16-BB5ADEB50F70}.CD_ROM|Any CPU.Build.0 = Release|Any CPU
		{6F028D43-F60B-44F7-BB16-BB5ADEB50F70}.Debug|Any CPU.ActiveCfg = Debug|Any CPU
		{6F028D43-F60B-44F7-BB16-BB5ADEB50F70}.Debug|Any CPU.Build.0 = Debug|Any CPU
		{6F028D43-F60B-44F7-BB16-BB5ADEB50F70}.DVD-5|Any CPU.ActiveCfg = Debug|Any CPU
		{6F028D43-F60B-44F7-BB16-BB5ADEB50F70}.DVD-5|Any CPU.Build.0 = Debug|Any CPU
		{6F028D43-F60B-44F7-BB16-BB5ADEB50F70}.Release|Any CPU.ActiveCfg = Release|Any CPU
		{6F028D43-F60B-44F7-BB16-BB5ADEB50F70}.Release|Any CPU.Build.0 = Release|Any CPU
		{6F028D43-F60B-44F7-BB16-BB5ADEB50F70}.SingleImage|Any CPU.ActiveCfg = Release|Any CPU
		{6F028D43-F60B-44F7-BB16-BB5ADEB50F70}.SingleImage|Any CPU.Build.0 = Release|Any CPU
		{000E3F3D-7555-4CCB-8E47-30ED46CC971D}.CD_ROM|Any CPU.ActiveCfg = Release|Any CPU
		{000E3F3D-7555-4CCB-8E47-30ED46CC971D}.CD_ROM|Any CPU.Build.0 = Release|Any CPU
		{000E3F3D-7555-4CCB-8E47-30ED46CC971D}.Debug|Any CPU.ActiveCfg = Debug|Any CPU
		{000E3F3D-7555-4CCB-8E47-30ED46CC971D}.Debug|Any CPU.Build.0 = Debug|Any CPU
		{000E3F3D-7555-4CCB-8E47-30ED46CC971D}.DVD-5|Any CPU.ActiveCfg = Debug|Any CPU
		{000E3F3D-7555-4CCB-8E47-30ED46CC971D}.DVD-5|Any CPU.Build.0 = Debug|Any CPU
		{000E3F3D-7555-4CCB-8E47-30ED46CC971D}.Release|Any CPU.ActiveCfg = Release|Any CPU
		{000E3F3D-7555-4CCB-8E47-30ED46CC971D}.Release|Any CPU.Build.0 = Release|Any CPU
		{000E3F3D-7555-4CCB-8E47-30ED46CC971D}.SingleImage|Any CPU.ActiveCfg = Release|Any CPU
		{000E3F3D-7555-4CCB-8E47-30ED46CC971D}.SingleImage|Any CPU.Build.0 = Release|Any CPU
		{AD62369C-7DEA-4B7A-81DB-E4701A442A72}.CD_ROM|Any CPU.ActiveCfg = Release|Any CPU
		{AD62369C-7DEA-4B7A-81DB-E4701A442A72}.CD_ROM|Any CPU.Build.0 = Release|Any CPU
		{AD62369C-7DEA-4B7A-81DB-E4701A442A72}.Debug|Any CPU.ActiveCfg = Debug|Any CPU
		{AD62369C-7DEA-4B7A-81DB-E4701A442A72}.Debug|Any CPU.Build.0 = Debug|Any CPU
		{AD62369C-7DEA-4B7A-81DB-E4701A442A72}.DVD-5|Any CPU.ActiveCfg = Debug|Any CPU
		{AD62369C-7DEA-4B7A-81DB-E4701A442A72}.DVD-5|Any CPU.Build.0 = Debug|Any CPU
		{AD62369C-7DEA-4B7A-81DB-E4701A442A72}.Release|Any CPU.ActiveCfg = Release|Any CPU
		{AD62369C-7DEA-4B7A-81DB-E4701A442A72}.Release|Any CPU.Build.0 = Release|Any CPU
		{AD62369C-7DEA-4B7A-81DB-E4701A442A72}.SingleImage|Any CPU.ActiveCfg = Release|Any CPU
		{AD62369C-7DEA-4B7A-81DB-E4701A442A72}.SingleImage|Any CPU.Build.0 = Release|Any CPU
		{8574F6AB-4733-48DF-9579-382278ACEE73}.CD_ROM|Any CPU.ActiveCfg = Release|Any CPU
		{8574F6AB-4733-48DF-9579-382278ACEE73}.CD_ROM|Any CPU.Build.0 = Release|Any CPU
		{8574F6AB-4733-48DF-9579-382278ACEE73}.Debug|Any CPU.ActiveCfg = Debug|Any CPU
		{8574F6AB-4733-48DF-9579-382278ACEE73}.Debug|Any CPU.Build.0 = Debug|Any CPU
		{8574F6AB-4733-48DF-9579-382278ACEE73}.DVD-5|Any CPU.ActiveCfg = Debug|Any CPU
		{8574F6AB-4733-48DF-9579-382278ACEE73}.DVD-5|Any CPU.Build.0 = Debug|Any CPU
		{8574F6AB-4733-48DF-9579-382278ACEE73}.Release|Any CPU.ActiveCfg = Release|Any CPU
		{8574F6AB-4733-48DF-9579-382278ACEE73}.Release|Any CPU.Build.0 = Release|Any CPU
		{8574F6AB-4733-48DF-9579-382278ACEE73}.SingleImage|Any CPU.ActiveCfg = Release|Any CPU
		{8574F6AB-4733-48DF-9579-382278ACEE73}.SingleImage|Any CPU.Build.0 = Release|Any CPU
		{8D11CA6D-DB40-440C-A17F-7F33CF9B441B}.CD_ROM|Any CPU.ActiveCfg = Release|Any CPU
		{8D11CA6D-DB40-440C-A17F-7F33CF9B441B}.CD_ROM|Any CPU.Build.0 = Release|Any CPU
		{8D11CA6D-DB40-440C-A17F-7F33CF9B441B}.Debug|Any CPU.ActiveCfg = Debug|Any CPU
		{8D11CA6D-DB40-440C-A17F-7F33CF9B441B}.Debug|Any CPU.Build.0 = Debug|Any CPU
		{8D11CA6D-DB40-440C-A17F-7F33CF9B441B}.DVD-5|Any CPU.ActiveCfg = Debug|Any CPU
		{8D11CA6D-DB40-440C-A17F-7F33CF9B441B}.DVD-5|Any CPU.Build.0 = Debug|Any CPU
		{8D11CA6D-DB40-440C-A17F-7F33CF9B441B}.Release|Any CPU.ActiveCfg = Release|Any CPU
		{8D11CA6D-DB40-440C-A17F-7F33CF9B441B}.Release|Any CPU.Build.0 = Release|Any CPU
		{8D11CA6D-DB40-440C-A17F-7F33CF9B441B}.SingleImage|Any CPU.ActiveCfg = Release|Any CPU
		{8D11CA6D-DB40-440C-A17F-7F33CF9B441B}.SingleImage|Any CPU.Build.0 = Release|Any CPU
		{F9B6DABD-BBC1-4638-8CE6-A5C9506BFDCB}.CD_ROM|Any CPU.ActiveCfg = Release|Any CPU
		{F9B6DABD-BBC1-4638-8CE6-A5C9506BFDCB}.CD_ROM|Any CPU.Build.0 = Release|Any CPU
		{F9B6DABD-BBC1-4638-8CE6-A5C9506BFDCB}.Debug|Any CPU.ActiveCfg = Debug|Any CPU
		{F9B6DABD-BBC1-4638-8CE6-A5C9506BFDCB}.Debug|Any CPU.Build.0 = Debug|Any CPU
		{F9B6DABD-BBC1-4638-8CE6-A5C9506BFDCB}.DVD-5|Any CPU.ActiveCfg = Debug|Any CPU
		{F9B6DABD-BBC1-4638-8CE6-A5C9506BFDCB}.DVD-5|Any CPU.Build.0 = Debug|Any CPU
		{F9B6DABD-BBC1-4638-8CE6-A5C9506BFDCB}.Release|Any CPU.ActiveCfg = Release|Any CPU
		{F9B6DABD-BBC1-4638-8CE6-A5C9506BFDCB}.Release|Any CPU.Build.0 = Release|Any CPU
		{F9B6DABD-BBC1-4638-8CE6-A5C9506BFDCB}.SingleImage|Any CPU.ActiveCfg = Release|Any CPU
		{F9B6DABD-BBC1-4638-8CE6-A5C9506BFDCB}.SingleImage|Any CPU.Build.0 = Release|Any CPU
		{0FA2A1FB-332A-4560-9471-FDA52A6A5BBE}.CD_ROM|Any CPU.ActiveCfg = Release|Any CPU
		{0FA2A1FB-332A-4560-9471-FDA52A6A5BBE}.CD_ROM|Any CPU.Build.0 = Release|Any CPU
		{0FA2A1FB-332A-4560-9471-FDA52A6A5BBE}.Debug|Any CPU.ActiveCfg = Debug|Any CPU
		{0FA2A1FB-332A-4560-9471-FDA52A6A5BBE}.Debug|Any CPU.Build.0 = Debug|Any CPU
		{0FA2A1FB-332A-4560-9471-FDA52A6A5BBE}.DVD-5|Any CPU.ActiveCfg = Debug|Any CPU
		{0FA2A1FB-332A-4560-9471-FDA52A6A5BBE}.DVD-5|Any CPU.Build.0 = Debug|Any CPU
		{0FA2A1FB-332A-4560-9471-FDA52A6A5BBE}.Release|Any CPU.ActiveCfg = Release|Any CPU
		{0FA2A1FB-332A-4560-9471-FDA52A6A5BBE}.Release|Any CPU.Build.0 = Release|Any CPU
		{0FA2A1FB-332A-4560-9471-FDA52A6A5BBE}.SingleImage|Any CPU.ActiveCfg = Release|Any CPU
		{0FA2A1FB-332A-4560-9471-FDA52A6A5BBE}.SingleImage|Any CPU.Build.0 = Release|Any CPU
		{12A3AEDA-CA82-44A8-A3B4-BBC3F212AFDF}.CD_ROM|Any CPU.ActiveCfg = Release|Any CPU
		{12A3AEDA-CA82-44A8-A3B4-BBC3F212AFDF}.CD_ROM|Any CPU.Build.0 = Release|Any CPU
		{12A3AEDA-CA82-44A8-A3B4-BBC3F212AFDF}.Debug|Any CPU.ActiveCfg = Debug|Any CPU
		{12A3AEDA-CA82-44A8-A3B4-BBC3F212AFDF}.Debug|Any CPU.Build.0 = Debug|Any CPU
		{12A3AEDA-CA82-44A8-A3B4-BBC3F212AFDF}.DVD-5|Any CPU.ActiveCfg = Debug|Any CPU
		{12A3AEDA-CA82-44A8-A3B4-BBC3F212AFDF}.DVD-5|Any CPU.Build.0 = Debug|Any CPU
		{12A3AEDA-CA82-44A8-A3B4-BBC3F212AFDF}.Release|Any CPU.ActiveCfg = Release|Any CPU
		{12A3AEDA-CA82-44A8-A3B4-BBC3F212AFDF}.Release|Any CPU.Build.0 = Release|Any CPU
		{12A3AEDA-CA82-44A8-A3B4-BBC3F212AFDF}.SingleImage|Any CPU.ActiveCfg = Release|Any CPU
		{12A3AEDA-CA82-44A8-A3B4-BBC3F212AFDF}.SingleImage|Any CPU.Build.0 = Release|Any CPU
		{3FBDB322-3442-4DC7-A5BB-6C2158E2AC71}.CD_ROM|Any CPU.ActiveCfg = Release|Any CPU
		{3FBDB322-3442-4DC7-A5BB-6C2158E2AC71}.CD_ROM|Any CPU.Build.0 = Release|Any CPU
		{3FBDB322-3442-4DC7-A5BB-6C2158E2AC71}.Debug|Any CPU.ActiveCfg = Debug|Any CPU
		{3FBDB322-3442-4DC7-A5BB-6C2158E2AC71}.Debug|Any CPU.Build.0 = Debug|Any CPU
		{3FBDB322-3442-4DC7-A5BB-6C2158E2AC71}.DVD-5|Any CPU.ActiveCfg = Debug|Any CPU
		{3FBDB322-3442-4DC7-A5BB-6C2158E2AC71}.DVD-5|Any CPU.Build.0 = Debug|Any CPU
		{3FBDB322-3442-4DC7-A5BB-6C2158E2AC71}.Release|Any CPU.ActiveCfg = Release|Any CPU
		{3FBDB322-3442-4DC7-A5BB-6C2158E2AC71}.Release|Any CPU.Build.0 = Release|Any CPU
		{3FBDB322-3442-4DC7-A5BB-6C2158E2AC71}.SingleImage|Any CPU.ActiveCfg = Release|Any CPU
		{3FBDB322-3442-4DC7-A5BB-6C2158E2AC71}.SingleImage|Any CPU.Build.0 = Release|Any CPU
		{5AF1FFEE-6430-49B6-B8E7-E306A5133D18}.CD_ROM|Any CPU.ActiveCfg = Release|Any CPU
		{5AF1FFEE-6430-49B6-B8E7-E306A5133D18}.CD_ROM|Any CPU.Build.0 = Release|Any CPU
		{5AF1FFEE-6430-49B6-B8E7-E306A5133D18}.Debug|Any CPU.ActiveCfg = Debug|Any CPU
		{5AF1FFEE-6430-49B6-B8E7-E306A5133D18}.Debug|Any CPU.Build.0 = Debug|Any CPU
		{5AF1FFEE-6430-49B6-B8E7-E306A5133D18}.DVD-5|Any CPU.ActiveCfg = Debug|Any CPU
		{5AF1FFEE-6430-49B6-B8E7-E306A5133D18}.DVD-5|Any CPU.Build.0 = Debug|Any CPU
		{5AF1FFEE-6430-49B6-B8E7-E306A5133D18}.Release|Any CPU.ActiveCfg = Release|Any CPU
		{5AF1FFEE-6430-49B6-B8E7-E306A5133D18}.Release|Any CPU.Build.0 = Release|Any CPU
		{5AF1FFEE-6430-49B6-B8E7-E306A5133D18}.SingleImage|Any CPU.ActiveCfg = Release|Any CPU
		{5AF1FFEE-6430-49B6-B8E7-E306A5133D18}.SingleImage|Any CPU.Build.0 = Release|Any CPU
		{1B93D8D4-4952-41A9-9BC2-D9434A604473}.CD_ROM|Any CPU.ActiveCfg = Release|Any CPU
		{1B93D8D4-4952-41A9-9BC2-D9434A604473}.CD_ROM|Any CPU.Build.0 = Release|Any CPU
		{1B93D8D4-4952-41A9-9BC2-D9434A604473}.Debug|Any CPU.ActiveCfg = Debug|Any CPU
		{1B93D8D4-4952-41A9-9BC2-D9434A604473}.Debug|Any CPU.Build.0 = Debug|Any CPU
		{1B93D8D4-4952-41A9-9BC2-D9434A604473}.DVD-5|Any CPU.ActiveCfg = Debug|Any CPU
		{1B93D8D4-4952-41A9-9BC2-D9434A604473}.DVD-5|Any CPU.Build.0 = Debug|Any CPU
		{1B93D8D4-4952-41A9-9BC2-D9434A604473}.Release|Any CPU.ActiveCfg = Release|Any CPU
		{1B93D8D4-4952-41A9-9BC2-D9434A604473}.Release|Any CPU.Build.0 = Release|Any CPU
		{1B93D8D4-4952-41A9-9BC2-D9434A604473}.SingleImage|Any CPU.ActiveCfg = Release|Any CPU
		{1B93D8D4-4952-41A9-9BC2-D9434A604473}.SingleImage|Any CPU.Build.0 = Release|Any CPU
	EndGlobalSection
	GlobalSection(SolutionProperties) = preSolution
		HideSolutionNode = FALSE
	EndGlobalSection
EndGlobal
