
Microsoft Visual Studio Solution File, Format Version 10.00
# Visual Studio 2008
Project("{D183A3D8-5FD8-494B-B014-37F57B35E655}") = "YJXXIMP", "预警信息录入\YJXXIMP.dtproj", "{70808887-6008-43AA-BDF1-712C7A744003}"
EndProject
Global
	GlobalSection(SolutionConfigurationPlatforms) = preSolution
		Development|Default = Development|Default
	EndGlobalSection
	GlobalSection(ProjectConfigurationPlatforms) = postSolution
		{70808887-6008-43AA-BDF1-712C7A744003}.Development|Default.ActiveCfg = Development
		{70808887-6008-43AA-BDF1-712C7A744003}.Development|Default.Build.0 = Development
	EndGlobalSection
	GlobalSection(SolutionProperties) = preSolution
		HideSolutionNode = FALSE
	EndGlobalSection
EndGlobal
