
Microsoft Visual Studio Solution File, Format Version 12.00
# Visual Studio Version 16
VisualStudioVersion = 16.0.30320.27
MinimumVisualStudioVersion = 10.0.40219.1
Project("{9A19103F-16F7-4668-BE54-9A1E7A4F7556}") = "WebAPSApplication", "WebAPSApplication\WebAPSApplication.csproj", "{11EE3BC0-D0A7-417A-A28C-C37E7C2065C9}"
EndProject
Project("{2150E333-8FDC-42A3-9474-1A3956D46DE8}") = "TaskNodes", "TaskNodes", "{2564796B-82B4-4BD1-A5B9-A2619916DA40}"
EndProject
Project("{9A19103F-16F7-4668-BE54-9A1E7A4F7556}") = "GBG.Instinct.Task.DataLoad", "GBG.Instinct.Task.DataLoad\GBG.Instinct.Task.DataLoad.csproj", "{162C85E6-44F1-4EE5-8428-AC08426B3611}"
EndProject
Project("{9A19103F-16F7-4668-BE54-9A1E7A4F7556}") = "GBG.Instinct.Task.PreprocessBegin", "GBG.Instinct.Task.PreprocessBegin\GBG.Instinct.Task.PreprocessBegin.csproj", "{A94DCA8D-97BA-4B28-8750-B6E6F2F635C0}"
EndProject
Project("{9A19103F-16F7-4668-BE54-9A1E7A4F7556}") = "GBG.Instinct.Task.PreprocessEnd", "GBG.Instinct.Task.PreprocessEnd\GBG.Instinct.Task.PreprocessEnd.csproj", "{8DD93C91-A353-416F-AC81-1814560C5D0D}"
EndProject
Project("{9A19103F-16F7-4668-BE54-9A1E7A4F7556}") = "GBG.Instinct.Task.RulesCheck", "GBG.Instinct.Task.RulesCheck\GBG.Instinct.Task.RulesCheck.csproj", "{2ABBA09E-FF01-475A-A251-E5F63FE0AB7F}"
EndProject
Project("{9A19103F-16F7-4668-BE54-9A1E7A4F7556}") = "GBG.Instinct.Task.ScoreCard", "GBG.Instinct.Task.ScoreCard\GBG.Instinct.Task.ScoreCard.csproj", "{799F8480-B938-4101-A95C-6152C86A002B}"
EndProject
Project("{9A19103F-16F7-4668-BE54-9A1E7A4F7556}") = "GBG.Instinct.Task.RandomNumber", "GBG.Instinct.Task.RandomNumber\GBG.Instinct.Task.RandomNumber.csproj", "{B43DEB99-F7DC-476C-8DE1-13FCD71C0743}"
EndProject
Project("{9A19103F-16F7-4668-BE54-9A1E7A4F7556}") = "GBG.Instinct.Task.ResultReturn", "GBG.Instinct.Task.ResultReturn\GBG.Instinct.Task.ResultReturn.csproj", "{30CFAAD5-8EBB-4ABF-BA54-2BB7E4500EEA}"
EndProject
Project("{2150E333-8FDC-42A3-9474-1A3956D46DE8}") = "Model", "Model", "{A2C947FD-383D-41AC-A8A1-0504D183896A}"
EndProject
Project("{9A19103F-16F7-4668-BE54-9A1E7A4F7556}") = "GBG.Instinct.Model", "GBG.Instinct.Model\GBG.Instinct.Model.csproj", "{B4BCAF36-68F0-4267-A7C3-8A630B4C90E1}"
EndProject
Project("{2150E333-8FDC-42A3-9474-1A3956D46DE8}") = "Common", "Common", "{891B3FFC-50B8-4B5B-8944-D06BA945A8D6}"
EndProject
Project("{9A19103F-16F7-4668-BE54-9A1E7A4F7556}") = "GBG.Instinct.Common", "GBG.Instinct.Task.Common\GBG.Instinct.Common.csproj", "{7E6D0A40-6EC5-4380-9486-7C03C80E3DBB}"
EndProject
Global
	GlobalSection(SolutionConfigurationPlatforms) = preSolution
		Debug|Any CPU = Debug|Any CPU
		Release|Any CPU = Release|Any CPU
	EndGlobalSection
	GlobalSection(ProjectConfigurationPlatforms) = postSolution
		{11EE3BC0-D0A7-417A-A28C-C37E7C2065C9}.Debug|Any CPU.ActiveCfg = Debug|Any CPU
		{11EE3BC0-D0A7-417A-A28C-C37E7C2065C9}.Debug|Any CPU.Build.0 = Debug|Any CPU
		{11EE3BC0-D0A7-417A-A28C-C37E7C2065C9}.Release|Any CPU.ActiveCfg = Release|Any CPU
		{11EE3BC0-D0A7-417A-A28C-C37E7C2065C9}.Release|Any CPU.Build.0 = Release|Any CPU
		{162C85E6-44F1-4EE5-8428-AC08426B3611}.Debug|Any CPU.ActiveCfg = Debug|Any CPU
		{162C85E6-44F1-4EE5-8428-AC08426B3611}.Debug|Any CPU.Build.0 = Debug|Any CPU
		{162C85E6-44F1-4EE5-8428-AC08426B3611}.Release|Any CPU.ActiveCfg = Release|Any CPU
		{162C85E6-44F1-4EE5-8428-AC08426B3611}.Release|Any CPU.Build.0 = Release|Any CPU
		{A94DCA8D-97BA-4B28-8750-B6E6F2F635C0}.Debug|Any CPU.ActiveCfg = Debug|Any CPU
		{A94DCA8D-97BA-4B28-8750-B6E6F2F635C0}.Debug|Any CPU.Build.0 = Debug|Any CPU
		{A94DCA8D-97BA-4B28-8750-B6E6F2F635C0}.Release|Any CPU.ActiveCfg = Release|Any CPU
		{A94DCA8D-97BA-4B28-8750-B6E6F2F635C0}.Release|Any CPU.Build.0 = Release|Any CPU
		{8DD93C91-A353-416F-AC81-1814560C5D0D}.Debug|Any CPU.ActiveCfg = Debug|Any CPU
		{8DD93C91-A353-416F-AC81-1814560C5D0D}.Debug|Any CPU.Build.0 = Debug|Any CPU
		{8DD93C91-A353-416F-AC81-1814560C5D0D}.Release|Any CPU.ActiveCfg = Release|Any CPU
		{8DD93C91-A353-416F-AC81-1814560C5D0D}.Release|Any CPU.Build.0 = Release|Any CPU
		{2ABBA09E-FF01-475A-A251-E5F63FE0AB7F}.Debug|Any CPU.ActiveCfg = Debug|Any CPU
		{2ABBA09E-FF01-475A-A251-E5F63FE0AB7F}.Debug|Any CPU.Build.0 = Debug|Any CPU
		{2ABBA09E-FF01-475A-A251-E5F63FE0AB7F}.Release|Any CPU.ActiveCfg = Release|Any CPU
		{2ABBA09E-FF01-475A-A251-E5F63FE0AB7F}.Release|Any CPU.Build.0 = Release|Any CPU
		{799F8480-B938-4101-A95C-6152C86A002B}.Debug|Any CPU.ActiveCfg = Debug|Any CPU
		{799F8480-B938-4101-A95C-6152C86A002B}.Debug|Any CPU.Build.0 = Debug|Any CPU
		{799F8480-B938-4101-A95C-6152C86A002B}.Release|Any CPU.ActiveCfg = Release|Any CPU
		{799F8480-B938-4101-A95C-6152C86A002B}.Release|Any CPU.Build.0 = Release|Any CPU
		{B43DEB99-F7DC-476C-8DE1-13FCD71C0743}.Debug|Any CPU.ActiveCfg = Debug|Any CPU
		{B43DEB99-F7DC-476C-8DE1-13FCD71C0743}.Debug|Any CPU.Build.0 = Debug|Any CPU
		{B43DEB99-F7DC-476C-8DE1-13FCD71C0743}.Release|Any CPU.ActiveCfg = Release|Any CPU
		{B43DEB99-F7DC-476C-8DE1-13FCD71C0743}.Release|Any CPU.Build.0 = Release|Any CPU
		{30CFAAD5-8EBB-4ABF-BA54-2BB7E4500EEA}.Debug|Any CPU.ActiveCfg = Debug|Any CPU
		{30CFAAD5-8EBB-4ABF-BA54-2BB7E4500EEA}.Debug|Any CPU.Build.0 = Debug|Any CPU
		{30CFAAD5-8EBB-4ABF-BA54-2BB7E4500EEA}.Release|Any CPU.ActiveCfg = Release|Any CPU
		{30CFAAD5-8EBB-4ABF-BA54-2BB7E4500EEA}.Release|Any CPU.Build.0 = Release|Any CPU
		{B4BCAF36-68F0-4267-A7C3-8A630B4C90E1}.Debug|Any CPU.ActiveCfg = Debug|Any CPU
		{B4BCAF36-68F0-4267-A7C3-8A630B4C90E1}.Debug|Any CPU.Build.0 = Debug|Any CPU
		{B4BCAF36-68F0-4267-A7C3-8A630B4C90E1}.Release|Any CPU.ActiveCfg = Release|Any CPU
		{B4BCAF36-68F0-4267-A7C3-8A630B4C90E1}.Release|Any CPU.Build.0 = Release|Any CPU
		{7E6D0A40-6EC5-4380-9486-7C03C80E3DBB}.Debug|Any CPU.ActiveCfg = Debug|Any CPU
		{7E6D0A40-6EC5-4380-9486-7C03C80E3DBB}.Debug|Any CPU.Build.0 = Debug|Any CPU
		{7E6D0A40-6EC5-4380-9486-7C03C80E3DBB}.Release|Any CPU.ActiveCfg = Release|Any CPU
		{7E6D0A40-6EC5-4380-9486-7C03C80E3DBB}.Release|Any CPU.Build.0 = Release|Any CPU
	EndGlobalSection
	GlobalSection(SolutionProperties) = preSolution
		HideSolutionNode = FALSE
	EndGlobalSection
	GlobalSection(NestedProjects) = preSolution
		{162C85E6-44F1-4EE5-8428-AC08426B3611} = {2564796B-82B4-4BD1-A5B9-A2619916DA40}
		{A94DCA8D-97BA-4B28-8750-B6E6F2F635C0} = {2564796B-82B4-4BD1-A5B9-A2619916DA40}
		{8DD93C91-A353-416F-AC81-1814560C5D0D} = {2564796B-82B4-4BD1-A5B9-A2619916DA40}
		{2ABBA09E-FF01-475A-A251-E5F63FE0AB7F} = {2564796B-82B4-4BD1-A5B9-A2619916DA40}
		{799F8480-B938-4101-A95C-6152C86A002B} = {2564796B-82B4-4BD1-A5B9-A2619916DA40}
		{B43DEB99-F7DC-476C-8DE1-13FCD71C0743} = {2564796B-82B4-4BD1-A5B9-A2619916DA40}
		{30CFAAD5-8EBB-4ABF-BA54-2BB7E4500EEA} = {2564796B-82B4-4BD1-A5B9-A2619916DA40}
		{B4BCAF36-68F0-4267-A7C3-8A630B4C90E1} = {A2C947FD-383D-41AC-A8A1-0504D183896A}
		{7E6D0A40-6EC5-4380-9486-7C03C80E3DBB} = {891B3FFC-50B8-4B5B-8944-D06BA945A8D6}
	EndGlobalSection
	GlobalSection(ExtensibilityGlobals) = postSolution
		SolutionGuid = {0BB2B591-AFB8-459C-8FBD-FBC627F4B575}
	EndGlobalSection
EndGlobal
