
Microsoft Visual Studio Solution File, Format Version 10.00
# Visual Studio 2008
Project("{D183A3D8-5FD8-494B-B014-37F57B35E655}") = "SSJSIMPORT", "数据集市导入\SSJSIMPORT.dtproj", "{8572D9AC-A494-46F5-A7E6-8025DB4D5AED}"
EndProject
Global
	GlobalSection(SolutionConfigurationPlatforms) = preSolution
		Development|Default = Development|Default
	EndGlobalSection
	GlobalSection(ProjectConfigurationPlatforms) = postSolution
		{8572D9AC-A494-46F5-A7E6-8025DB4D5AED}.Development|Default.ActiveCfg = Development
		{8572D9AC-A494-46F5-A7E6-8025DB4D5AED}.Development|Default.Build.0 = Development
	EndGlobalSection
	GlobalSection(SolutionProperties) = preSolution
		HideSolutionNode = FALSE
	EndGlobalSection
EndGlobal
